
Microsoft Visual Studio Solution File, Format Version 12.00
# Visual Studio Version 17
VisualStudioVersion = 17.6.33815.320
MinimumVisualStudioVersion = 10.0.40219.1
Project("{888888A0-9F3D-457C-B088-3A5042F75D52}") = "PyPoll", "PyPoll.pyproj", "{4C809B17-72DD-4C4F-BB00-34F7070C9C16}"
EndProject
Global
	GlobalSection(SolutionConfigurationPlatforms) = preSolution
		Debug|Any CPU = Debug|Any CPU
		Release|Any CPU = Release|Any CPU
	EndGlobalSection
	GlobalSection(ProjectConfigurationPlatforms) = postSolution
		{4C809B17-72DD-4C4F-BB00-34F7070C9C16}.Debug|Any CPU.ActiveCfg = Debug|Any CPU
		{4C809B17-72DD-4C4F-BB00-34F7070C9C16}.Release|Any CPU.ActiveCfg = Release|Any CPU
	EndGlobalSection
	GlobalSection(SolutionProperties) = preSolution
		HideSolutionNode = FALSE
	EndGlobalSection
	GlobalSection(ExtensibilityGlobals) = postSolution
		SolutionGuid = {B96E88D7-BDF6-4F40-AE6C-AAAFA22962E7}
	EndGlobalSection
EndGlobal
